
Microsoft Visual Studio Solution File, Format Version 12.00
# Visual Studio Version 17
VisualStudioVersion = 17.0.32126.317
MinimumVisualStudioVersion = 10.0.40219.1
Project("{8BC9CEB8-8B4A-11D0-8D11-00A0C91BC942}") = "Chess.1", "Chess.1\Chess.1.vcxproj", "{ABDA7B75-1944-4EDD-B969-8712E80A90C9}"
EndProject
Global
	GlobalSection(SolutionConfigurationPlatforms) = preSolution
		Debug|x64 = Debug|x64
		Debug|x86 = Debug|x86
		Release|x64 = Release|x64
		Release|x86 = Release|x86
	EndGlobalSection
	GlobalSection(ProjectConfigurationPlatforms) = postSolution
		{ABDA7B75-1944-4EDD-B969-8712E80A90C9}.Debug|x64.ActiveCfg = Debug|x64
		{ABDA7B75-1944-4EDD-B969-8712E80A90C9}.Debug|x64.Build.0 = Debug|x64
		{ABDA7B75-1944-4EDD-B969-8712E80A90C9}.Debug|x86.ActiveCfg = Debug|Win32
		{ABDA7B75-1944-4EDD-B969-8712E80A90C9}.Debug|x86.Build.0 = Debug|Win32
		{ABDA7B75-1944-4EDD-B969-8712E80A90C9}.Release|x64.ActiveCfg = Release|x64
		{ABDA7B75-1944-4EDD-B969-8712E80A90C9}.Release|x64.Build.0 = Release|x64
		{ABDA7B75-1944-4EDD-B969-8712E80A90C9}.Release|x86.ActiveCfg = Release|Win32
		{ABDA7B75-1944-4EDD-B969-8712E80A90C9}.Release|x86.Build.0 = Release|Win32
	EndGlobalSection
	GlobalSection(SolutionProperties) = preSolution
		HideSolutionNode = FALSE
	EndGlobalSection
	GlobalSection(ExtensibilityGlobals) = postSolution
		SolutionGuid = {1FE6FA82-84B1-4E8F-ABEA-D0B30068F256}
	EndGlobalSection
EndGlobal
